# THIS IS AN AUTOGENERATED FILE. DO NOT EDIT THIS FILE DIRECTLY.
# yarn lockfile v1


react-facebook-emoji@^1.0.11:
  version "1.0.11"
  resolved "https://registry.yarnpkg.com/react-facebook-emoji/-/react-facebook-emoji-1.0.11.tgz#539762198d81eed1d02d34552ae02b661b354539"
  integrity sha512-o6XPQ0k77U0PABNANYmW8HCGwM5vwZcJdzNm3e3r2lHMwXEakjXBntkwlO6+tp6JkeobjbJPeT0LOu1jn3KE8w==
